PODS:
  - AFNetworking (3.1.0):
    - AFNetworking/NSURLSession (= 3.1.0)
    - AFNetworking/Reachability (= 3.1.0)
    - AFNetworking/Security (= 3.1.0)
    - AFNetworking/Serialization (= 3.1.0)
    - AFNetworking/UIKit (= 3.1.0)
  - AFNetworking/NSURLSession (3.1.0):
    - AFNetworking/Reachability
    - AFNetworking/Security
    - AFNetworking/Serialization
  - AFNetworking/Reachability (3.1.0)
  - AFNetworking/Security (3.1.0)
  - AFNetworking/Serialization (3.1.0)
  - AFNetworking/UIKit (3.1.0):
    - AFNetworking/NSURLSession
  - Alamofire (4.0.1)
  - LogTape (0.1.0)
  - LogTape+AFNetworking (0.1.0):
    - AFNetworking
    - LogTape
  - LogTape+Alamofire (0.1.0):
    - Alamofire
    - LogTape

DEPENDENCIES:
  - AFNetworking
  - Alamofire (~> 4.0.1)
  - LogTape (from `../`)
  - LogTape+AFNetworking (from `../`)
  - LogTape+Alamofire (from `../`)

EXTERNAL SOURCES:
  LogTape:
    :path: "../"
  LogTape+AFNetworking:
    :path: "../"
  LogTape+Alamofire:
    :path: "../"

SPEC CHECKSUMS:
  AFNetworking: 5e0e199f73d8626b11e79750991f5d173d1f8b67
  Alamofire: 7682d43245de14874acd142ec137b144aa1dd335
  LogTape: 34dd6e6b9c53310c8eeed57a71b0bd613e6128fc
  LogTape+AFNetworking: b8a9ffc87f61a2d656ad8974199712b692046eb3
  LogTape+Alamofire: d0c3e5c1e342aa3ed7db955116a4998b96aed164

PODFILE CHECKSUM: 024bd9aae9f5229f7e5c4052bd9f9c56aac42690

COCOAPODS: 1.1.1
